
Microsoft Visual Studio Solution File, Format Version 12.00
# Visual Studio Version 16
VisualStudioVersion = 16.0.30523.141
MinimumVisualStudioVersion = 10.0.40219.1
Project("{FAE04EC0-301F-11D3-BF4B-00C04F79EFBC}") = "SmartBookCase1", "SmartBookCase1\SmartBookCase1.csproj", "{F4E534DC-95DF-406C-9D8F-B0D96BF01143}"
EndProject
Global
	GlobalSection(SolutionConfigurationPlatforms) = preSolution
		Debug|Any CPU = Debug|Any CPU
		Release|Any CPU = Release|Any CPU
	EndGlobalSection
	GlobalSection(ProjectConfigurationPlatforms) = postSolution
		{F4E534DC-95DF-406C-9D8F-B0D96BF01143}.Debug|Any CPU.ActiveCfg = Debug|Any CPU
		{F4E534DC-95DF-406C-9D8F-B0D96BF01143}.Debug|Any CPU.Build.0 = Debug|Any CPU
		{F4E534DC-95DF-406C-9D8F-B0D96BF01143}.Release|Any CPU.ActiveCfg = Release|Any CPU
		{F4E534DC-95DF-406C-9D8F-B0D96BF01143}.Release|Any CPU.Build.0 = Release|Any CPU
	EndGlobalSection
	GlobalSection(SolutionProperties) = preSolution
		HideSolutionNode = FALSE
	EndGlobalSection
	GlobalSection(ExtensibilityGlobals) = postSolution
		SolutionGuid = {52DF5F40-EADE-4B7A-8394-8F770B56017D}
	EndGlobalSection
EndGlobal
